// !$*UTF8*$!
{
	archiveVersion = 1;
	classes = {
	};
	objectVersion = 48;
	objects = {

/* Begin PBXBuildFile section */
		1BB2C15F0D9E7CD0C6748A54 /* Pods_TellMeUITests.framework in Frameworks */ = {isa = PBXBuildFile; fileRef = 77CF5C6AD265527CED55FC9E /* Pods_TellMeUITests.framework */; };
		67B85BF911311F9308870436 /* Pods_TellMe.framework in Frameworks */ = {isa = PBXBuildFile; fileRef = 335F50FEF8E7FF228752DF9B /* Pods_TellMe.framework */; };
		A172C1B7206184E800E35BE1 /* LaunchViewController.swift in Sources */ = {isa = PBXBuildFile; fileRef = A172C1B6206184E800E35BE1 /* LaunchViewController.swift */; };
		A1988B06205846A400099A23 /* NetworkingErrors.swift in Sources */ = {isa = PBXBuildFile; fileRef = A1988B05205846A400099A23 /* NetworkingErrors.swift */; };
		EC49B8CE203B994F00428779 /* AppDelegate.swift in Sources */ = {isa = PBXBuildFile; fileRef = EC49B8CD203B994F00428779 /* AppDelegate.swift */; };
		EC49B8D0203B994F00428779 /* AnnouncementController.swift in Sources */ = {isa = PBXBuildFile; fileRef = EC49B8CF203B994F00428779 /* AnnouncementController.swift */; };
		EC49B8D3203B994F00428779 /* Main.storyboard in Resources */ = {isa = PBXBuildFile; fileRef = EC49B8D1203B994F00428779 /* Main.storyboard */; };
		EC49B8E3203B994F00428779 /* TellMeUITests.swift in Sources */ = {isa = PBXBuildFile; fileRef = EC49B8E2203B994F00428779 /* TellMeUITests.swift */; };
		EC49B8F8203BA56C00428779 /* MSAL.framework in Frameworks */ = {isa = PBXBuildFile; fileRef = EC49B8F7203BA56C00428779 /* MSAL.framework */; };
		F40D711D205EED1B0043FE10 /* SideMenuController.swift in Sources */ = {isa = PBXBuildFile; fileRef = F40D711C205EED1B0043FE10 /* SideMenuController.swift */; };
		F40D7122205EF6170043FE10 /* SideMenuCell.swift in Sources */ = {isa = PBXBuildFile; fileRef = F40D7120205EF6170043FE10 /* SideMenuCell.swift */; };
		F40D7123205EF6170043FE10 /* SideMenuCell.xib in Resources */ = {isa = PBXBuildFile; fileRef = F40D7121205EF6170043FE10 /* SideMenuCell.xib */; };
		F43A272C2050427E00C077FB /* MSALHandler.swift in Sources */ = {isa = PBXBuildFile; fileRef = F43A272B2050427E00C077FB /* MSALHandler.swift */; };
		F4976F4420653B0B00397EE4 /* APIFetcher.swift in Sources */ = {isa = PBXBuildFile; fileRef = F4976F4320653B0B00397EE4 /* APIFetcher.swift */; };
		F4976F4620653BE300397EE4 /* Groups.swift in Sources */ = {isa = PBXBuildFile; fileRef = F4976F4520653BE300397EE4 /* Groups.swift */; };
		F4976F4820653C0300397EE4 /* Announcements.swift in Sources */ = {isa = PBXBuildFile; fileRef = F4976F4720653C0300397EE4 /* Announcements.swift */; };
		F4A323D62044B6D300362926 /* Assets.xcassets in Resources */ = {isa = PBXBuildFile; fileRef = EC49B8D4203B994F00428779 /* Assets.xcassets */; };
		F4A323D72044B72800362926 /* LaunchScreen.storyboard in Resources */ = {isa = PBXBuildFile; fileRef = EC49B8D6203B994F00428779 /* LaunchScreen.storyboard */; };
		F4A619CC206534C900EAA347 /* MessageCell.xib in Resources */ = {isa = PBXBuildFile; fileRef = F4A619CA206534C900EAA347 /* MessageCell.xib */; };
		F4A619CD206534C900EAA347 /* CustomMessageCell.swift in Sources */ = {isa = PBXBuildFile; fileRef = F4A619CB206534C900EAA347 /* CustomMessageCell.swift */; };
		F4A619CF2065384700EAA347 /* NetworkRequestKeys.swift in Sources */ = {isa = PBXBuildFile; fileRef = F4A619CE2065384700EAA347 /* NetworkRequestKeys.swift */; };
		F4A619D12065387F00EAA347 /* NetworkRequest.swift in Sources */ = {isa = PBXBuildFile; fileRef = F4A619D02065387F00EAA347 /* NetworkRequest.swift */; };
		F4A619D3206538AF00EAA347 /* NetworkRequestExecuter.swift in Sources */ = {isa = PBXBuildFile; fileRef = F4A619D2206538AF00EAA347 /* NetworkRequestExecuter.swift */; };
/* End PBXBuildFile section */

/* Begin PBXContainerItemProxy section */
		EC49B8DF203B994F00428779 /* PBXContainerItemProxy */ = {
			isa = PBXContainerItemProxy;
			containerPortal = EC49B8C2203B994F00428779 /* Project object */;
			proxyType = 1;
			remoteGlobalIDString = EC49B8C9203B994F00428779;
			remoteInfo = TellMe;
		};
/* End PBXContainerItemProxy section */

/* Begin PBXFileReference section */
		335F50FEF8E7FF228752DF9B /* Pods_TellMe.framework */ = {isa = PBXFileReference; explicitFileType = wrapper.framework; includeInIndex = 0; path = Pods_TellMe.framework; sourceTree = BUILT_PRODUCTS_DIR; };
		57EA877F388E247E286A712A /* Pods-TellMeUITests.release.xcconfig */ = {isa = PBXFileReference; includeInIndex = 1; lastKnownFileType = text.xcconfig; name = "Pods-TellMeUITests.release.xcconfig"; path = "Pods/Target Support Files/Pods-TellMeUITests/Pods-TellMeUITests.release.xcconfig"; sourceTree = "<group>"; };
		77CF5C6AD265527CED55FC9E /* Pods_TellMeUITests.framework */ = {isa = PBXFileReference; explicitFileType = wrapper.framework; includeInIndex = 0; path = Pods_TellMeUITests.framework; sourceTree = BUILT_PRODUCTS_DIR; };
		861CE69547A532BF6C9065C1 /* Pods-TellMe.release.xcconfig */ = {isa = PBXFileReference; includeInIndex = 1; lastKnownFileType = text.xcconfig; name = "Pods-TellMe.release.xcconfig"; path = "Pods/Target Support Files/Pods-TellMe/Pods-TellMe.release.xcconfig"; sourceTree = "<group>"; };
		A172C1B6206184E800E35BE1 /* LaunchViewController.swift */ = {isa = PBXFileReference; lastKnownFileType = sourcecode.swift; path = LaunchViewController.swift; sourceTree = "<group>"; };
		A1988B05205846A400099A23 /* NetworkingErrors.swift */ = {isa = PBXFileReference; lastKnownFileType = sourcecode.swift; path = NetworkingErrors.swift; sourceTree = "<group>"; };
		CB9559A5C1FC279561CDD549 /* Pods-TellMe.debug.xcconfig */ = {isa = PBXFileReference; includeInIndex = 1; lastKnownFileType = text.xcconfig; name = "Pods-TellMe.debug.xcconfig"; path = "Pods/Target Support Files/Pods-TellMe/Pods-TellMe.debug.xcconfig"; sourceTree = "<group>"; };
		E7A569FC1FE50C1D88F3AEEC /* Pods-TellMeUITests.debug.xcconfig */ = {isa = PBXFileReference; includeInIndex = 1; lastKnownFileType = text.xcconfig; name = "Pods-TellMeUITests.debug.xcconfig"; path = "Pods/Target Support Files/Pods-TellMeUITests/Pods-TellMeUITests.debug.xcconfig"; sourceTree = "<group>"; };
		EC49B8CA203B994F00428779 /* TellMe.app */ = {isa = PBXFileReference; explicitFileType = wrapper.application; includeInIndex = 0; path = TellMe.app; sourceTree = BUILT_PRODUCTS_DIR; };
		EC49B8CD203B994F00428779 /* AppDelegate.swift */ = {isa = PBXFileReference; lastKnownFileType = sourcecode.swift; path = AppDelegate.swift; sourceTree = "<group>"; };
		EC49B8CF203B994F00428779 /* AnnouncementController.swift */ = {isa = PBXFileReference; lastKnownFileType = sourcecode.swift; path = AnnouncementController.swift; sourceTree = "<group>"; };
		EC49B8D2203B994F00428779 /* Base */ = {isa = PBXFileReference; lastKnownFileType = file.storyboard; name = Base; path = Base.lproj/Main.storyboard; sourceTree = "<group>"; };
		EC49B8D4203B994F00428779 /* Assets.xcassets */ = {isa = PBXFileReference; lastKnownFileType = folder.assetcatalog; path = Assets.xcassets; sourceTree = "<group>"; };
		EC49B8D7203B994F00428779 /* Base */ = {isa = PBXFileReference; lastKnownFileType = file.storyboard; name = Base; path = Base.lproj/LaunchScreen.storyboard; sourceTree = "<group>"; };
		EC49B8D9203B994F00428779 /* Info.plist */ = {isa = PBXFileReference; lastKnownFileType = text.plist.xml; path = Info.plist; sourceTree = "<group>"; };
		EC49B8DE203B994F00428779 /* TellMeUITests.xctest */ = {isa = PBXFileReference; explicitFileType = wrapper.cfbundle; includeInIndex = 0; path = TellMeUITests.xctest; sourceTree = BUILT_PRODUCTS_DIR; };
		EC49B8E2203B994F00428779 /* TellMeUITests.swift */ = {isa = PBXFileReference; lastKnownFileType = sourcecode.swift; path = TellMeUITests.swift; sourceTree = "<group>"; };
		EC49B8E4203B994F00428779 /* Info.plist */ = {isa = PBXFileReference; lastKnownFileType = text.plist.xml; path = Info.plist; sourceTree = "<group>"; };
		EC49B8F7203BA56C00428779 /* MSAL.framework */ = {isa = PBXFileReference; lastKnownFileType = wrapper.framework; name = MSAL.framework; path = Carthage/Build/iOS/MSAL.framework; sourceTree = "<group>"; };
		F40D711C205EED1B0043FE10 /* SideMenuController.swift */ = {isa = PBXFileReference; lastKnownFileType = sourcecode.swift; path = SideMenuController.swift; sourceTree = "<group>"; };
		F40D7120205EF6170043FE10 /* SideMenuCell.swift */ = {isa = PBXFileReference; lastKnownFileType = sourcecode.swift; path = SideMenuCell.swift; sourceTree = "<group>"; };
		F40D7121205EF6170043FE10 /* SideMenuCell.xib */ = {isa = PBXFileReference; lastKnownFileType = file.xib; path = SideMenuCell.xib; sourceTree = "<group>"; };
		F43A272B2050427E00C077FB /* MSALHandler.swift */ = {isa = PBXFileReference; lastKnownFileType = sourcecode.swift; path = MSALHandler.swift; sourceTree = "<group>"; };
		F4976F4320653B0B00397EE4 /* APIFetcher.swift */ = {isa = PBXFileReference; lastKnownFileType = sourcecode.swift; path = APIFetcher.swift; sourceTree = "<group>"; };
		F4976F4520653BE300397EE4 /* Groups.swift */ = {isa = PBXFileReference; lastKnownFileType = sourcecode.swift; path = Groups.swift; sourceTree = "<group>"; };
		F4976F4720653C0300397EE4 /* Announcements.swift */ = {isa = PBXFileReference; lastKnownFileType = sourcecode.swift; path = Announcements.swift; sourceTree = "<group>"; };
		F4A619CA206534C900EAA347 /* MessageCell.xib */ = {isa = PBXFileReference; fileEncoding = 4; lastKnownFileType = file.xib; path = MessageCell.xib; sourceTree = "<group>"; };
		F4A619CB206534C900EAA347 /* CustomMessageCell.swift */ = {isa = PBXFileReference; fileEncoding = 4; lastKnownFileType = sourcecode.swift; path = CustomMessageCell.swift; sourceTree = "<group>"; };
		F4A619CE2065384700EAA347 /* NetworkRequestKeys.swift */ = {isa = PBXFileReference; lastKnownFileType = sourcecode.swift; path = NetworkRequestKeys.swift; sourceTree = "<group>"; };
		F4A619D02065387F00EAA347 /* NetworkRequest.swift */ = {isa = PBXFileReference; lastKnownFileType = sourcecode.swift; path = NetworkRequest.swift; sourceTree = "<group>"; };
		F4A619D2206538AF00EAA347 /* NetworkRequestExecuter.swift */ = {isa = PBXFileReference; lastKnownFileType = sourcecode.swift; path = NetworkRequestExecuter.swift; sourceTree = "<group>"; };
/* End PBXFileReference section */

/* Begin PBXFrameworksBuildPhase section */
		EC49B8C7203B994F00428779 /* Frameworks */ = {
			isa = PBXFrameworksBuildPhase;
			buildActionMask = 2147483647;
			files = (
				EC49B8F8203BA56C00428779 /* MSAL.framework in Frameworks */,
				67B85BF911311F9308870436 /* Pods_TellMe.framework in Frameworks */,
			);
			runOnlyForDeploymentPostprocessing = 0;
		};
		EC49B8DB203B994F00428779 /* Frameworks */ = {
			isa = PBXFrameworksBuildPhase;
			buildActionMask = 2147483647;
			files = (
				1BB2C15F0D9E7CD0C6748A54 /* Pods_TellMeUITests.framework in Frameworks */,
			);
			runOnlyForDeploymentPostprocessing = 0;
		};
/* End PBXFrameworksBuildPhase section */

/* Begin PBXGroup section */
		7520D31550B84288B41B0773 /* Pods */ = {
			isa = PBXGroup;
			children = (
				CB9559A5C1FC279561CDD549 /* Pods-TellMe.debug.xcconfig */,
				861CE69547A532BF6C9065C1 /* Pods-TellMe.release.xcconfig */,
				E7A569FC1FE50C1D88F3AEEC /* Pods-TellMeUITests.debug.xcconfig */,
				57EA877F388E247E286A712A /* Pods-TellMeUITests.release.xcconfig */,
			);
			name = Pods;
			sourceTree = "<group>";
		};
		EC49B8C1203B994F00428779 = {
			isa = PBXGroup;
			children = (
				EC49B8CC203B994F00428779 /* TellMe */,
				EC49B8E1203B994F00428779 /* TellMeUITests */,
				EC49B8CB203B994F00428779 /* Products */,
				EC49B8ED203B9BEB00428779 /* Frameworks */,
				7520D31550B84288B41B0773 /* Pods */,
			);
			sourceTree = "<group>";
		};
		EC49B8CB203B994F00428779 /* Products */ = {
			isa = PBXGroup;
			children = (
				EC49B8CA203B994F00428779 /* TellMe.app */,
				EC49B8DE203B994F00428779 /* TellMeUITests.xctest */,
			);
			name = Products;
			sourceTree = "<group>";
		};
		EC49B8CC203B994F00428779 /* TellMe */ = {
			isa = PBXGroup;
			children = (
				F4B494262065309F00946737 /* Controller */,
				F4B494252065308600946737 /* View */,
				F4B494232065304900946737 /* Model */,
				EC49B8D4203B994F00428779 /* Assets.xcassets */,
				EC49B8D9203B994F00428779 /* Info.plist */,
			);
			path = TellMe;
			sourceTree = "<group>";
		};
		EC49B8E1203B994F00428779 /* TellMeUITests */ = {
			isa = PBXGroup;
			children = (
				EC49B8E2203B994F00428779 /* TellMeUITests.swift */,
				EC49B8E4203B994F00428779 /* Info.plist */,
			);
			path = TellMeUITests;
			sourceTree = "<group>";
		};
		EC49B8ED203B9BEB00428779 /* Frameworks */ = {
			isa = PBXGroup;
			children = (
				EC49B8F7203BA56C00428779 /* MSAL.framework */,
				335F50FEF8E7FF228752DF9B /* Pods_TellMe.framework */,
				77CF5C6AD265527CED55FC9E /* Pods_TellMeUITests.framework */,
			);
			name = Frameworks;
			sourceTree = "<group>";
		};
		F4976F4120653A0C00397EE4 /* Objects */ = {
			isa = PBXGroup;
			children = (
				F4976F4520653BE300397EE4 /* Groups.swift */,
				F4976F4720653C0300397EE4 /* Announcements.swift */,
			);
			path = Objects;
			sourceTree = "<group>";
		};
		F4976F4220653A1C00397EE4 /* Fetchers */ = {
			isa = PBXGroup;
			children = (
				F4976F4320653B0B00397EE4 /* APIFetcher.swift */,
			);
			path = Fetchers;
			sourceTree = "<group>";
		};
		F4A6FB752055EF140033F2E8 /* MSAL Request */ = {
			isa = PBXGroup;
			children = (
				F43A272B2050427E00C077FB /* MSALHandler.swift */,
				A1988B05205846A400099A23 /* NetworkingErrors.swift */,
			);
			path = "MSAL Request";
			sourceTree = "<group>";
		};
		F4B494232065304900946737 /* Model */ = {
			isa = PBXGroup;
			children = (
				F4976F4220653A1C00397EE4 /* Fetchers */,
				F4976F4120653A0C00397EE4 /* Objects */,
				F4B494242065306A00946737 /* API Request */,
				F4A6FB752055EF140033F2E8 /* MSAL Request */,
			);
			path = Model;
			sourceTree = "<group>";
		};
		F4B494242065306A00946737 /* API Request */ = {
			isa = PBXGroup;
			children = (
				F4A619CE2065384700EAA347 /* NetworkRequestKeys.swift */,
				F4A619D02065387F00EAA347 /* NetworkRequest.swift */,
				F4A619D2206538AF00EAA347 /* NetworkRequestExecuter.swift */,
			);
			path = "API Request";
			sourceTree = "<group>";
		};
		F4B494252065308600946737 /* View */ = {
			isa = PBXGroup;
			children = (
				EC49B8D1203B994F00428779 /* Main.storyboard */,
				EC49B8D6203B994F00428779 /* LaunchScreen.storyboard */,
			);
			path = View;
			sourceTree = "<group>";
		};
		F4B494262065309F00946737 /* Controller */ = {
			isa = PBXGroup;
			children = (
				F4C9672A205D8DF000BF9921 /* Custom Cell */,
				EC49B8CD203B994F00428779 /* AppDelegate.swift */,
				EC49B8CF203B994F00428779 /* AnnouncementController.swift */,
				F40D711C205EED1B0043FE10 /* SideMenuController.swift */,
				A172C1B6206184E800E35BE1 /* LaunchViewController.swift */,
			);
			path = Controller;
			sourceTree = "<group>";
		};
		F4C9672A205D8DF000BF9921 /* Custom Cell */ = {
			isa = PBXGroup;
			children = (
				F4A619CB206534C900EAA347 /* CustomMessageCell.swift */,
				F4A619CA206534C900EAA347 /* MessageCell.xib */,
				F40D7120205EF6170043FE10 /* SideMenuCell.swift */,
				F40D7121205EF6170043FE10 /* SideMenuCell.xib */,
			);
			path = "Custom Cell";
			sourceTree = "<group>";
		};
/* End PBXGroup section */

/* Begin PBXNativeTarget section */
		EC49B8C9203B994F00428779 /* TellMe */ = {
			isa = PBXNativeTarget;
			buildConfigurationList = EC49B8E7203B994F00428779 /* Build configuration list for PBXNativeTarget "TellMe" */;
			buildPhases = (
				AD1CDF3142656704C1667D47 /* [CP] Check Pods Manifest.lock */,
				EC49B8C6203B994F00428779 /* Sources */,
				EC49B8C7203B994F00428779 /* Frameworks */,
				EC49B8C8203B994F00428779 /* Resources */,
				EC49B8F1203B9EB400428779 /* ShellScript */,
				FF07E7A60F569BAA9C2E750F /* [CP] Embed Pods Frameworks */,
				5145013B327DB517876C5B9F /* [CP] Copy Pods Resources */,
			);
			buildRules = (
			);
			dependencies = (
			);
			name = TellMe;
			productName = TellMe;
			productReference = EC49B8CA203B994F00428779 /* TellMe.app */;
			productType = "com.apple.product-type.application";
		};
		EC49B8DD203B994F00428779 /* TellMeUITests */ = {
			isa = PBXNativeTarget;
			buildConfigurationList = EC49B8EA203B994F00428779 /* Build configuration list for PBXNativeTarget "TellMeUITests" */;
			buildPhases = (
				D2B45E71CFDF7E64B3DB7A13 /* [CP] Check Pods Manifest.lock */,
				EC49B8DA203B994F00428779 /* Sources */,
				EC49B8DB203B994F00428779 /* Frameworks */,
				EC49B8DC203B994F00428779 /* Resources */,
				25F5104F01D46C74CD266309 /* [CP] Embed Pods Frameworks */,
				52879A0F905B54133FC06E91 /* [CP] Copy Pods Resources */,
			);
			buildRules = (
			);
			dependencies = (
				EC49B8E0203B994F00428779 /* PBXTargetDependency */,
			);
			name = TellMeUITests;
			productName = TellMeUITests;
			productReference = EC49B8DE203B994F00428779 /* TellMeUITests.xctest */;
			productType = "com.apple.product-type.bundle.ui-testing";
		};
/* End PBXNativeTarget section */

/* Begin PBXProject section */
		EC49B8C2203B994F00428779 /* Project object */ = {
			isa = PBXProject;
			attributes = {
				LastSwiftUpdateCheck = 0920;
				LastUpgradeCheck = 0920;
				ORGANIZATIONNAME = "Sophia Kalanovska";
				TargetAttributes = {
					EC49B8C9203B994F00428779 = {
						CreatedOnToolsVersion = 9.2;
						ProvisioningStyle = Automatic;
					};
					EC49B8DD203B994F00428779 = {
						CreatedOnToolsVersion = 9.2;
						ProvisioningStyle = Automatic;
						TestTargetID = EC49B8C9203B994F00428779;
					};
				};
			};
			buildConfigurationList = EC49B8C5203B994F00428779 /* Build configuration list for PBXProject "TellMe" */;
			compatibilityVersion = "Xcode 8.0";
			developmentRegion = en;
			hasScannedForEncodings = 0;
			knownRegions = (
				en,
				Base,
			);
			mainGroup = EC49B8C1203B994F00428779;
			productRefGroup = EC49B8CB203B994F00428779 /* Products */;
			projectDirPath = "";
			projectRoot = "";
			targets = (
				EC49B8C9203B994F00428779 /* TellMe */,
				EC49B8DD203B994F00428779 /* TellMeUITests */,
			);
		};
/* End PBXProject section */

/* Begin PBXResourcesBuildPhase section */
		EC49B8C8203B994F00428779 /* Resources */ = {
			isa = PBXResourcesBuildPhase;
			buildActionMask = 2147483647;
			files = (
				F4A619CC206534C900EAA347 /* MessageCell.xib in Resources */,
				F4A323D72044B72800362926 /* LaunchScreen.storyboard in Resources */,
				F4A323D62044B6D300362926 /* Assets.xcassets in Resources */,
				F40D7123205EF6170043FE10 /* SideMenuCell.xib in Resources */,
				EC49B8D3203B994F00428779 /* Main.storyboard in Resources */,
			);
			runOnlyForDeploymentPostprocessing = 0;
		};
		EC49B8DC203B994F00428779 /* Resources */ = {
			isa = PBXResourcesBuildPhase;
			buildActionMask = 2147483647;
			files = (
			);
			runOnlyForDeploymentPostprocessing = 0;
		};
/* End PBXResourcesBuildPhase section */

/* Begin PBXShellScriptBuildPhase section */
		25F5104F01D46C74CD266309 /* [CP] Embed Pods Frameworks */ = {
			isa = PBXShellScriptBuildPhase;
			buildActionMask = 2147483647;
			files = (
			);
			inputPaths = (
			);
			name = "[CP] Embed Pods Frameworks";
			outputPaths = (
			);
			runOnlyForDeploymentPostprocessing = 0;
			shellPath = /bin/sh;
			shellScript = "\"${SRCROOT}/Pods/Target Support Files/Pods-TellMeUITests/Pods-TellMeUITests-frameworks.sh\"\n";
			showEnvVarsInLog = 0;
		};
		5145013B327DB517876C5B9F /* [CP] Copy Pods Resources */ = {
			isa = PBXShellScriptBuildPhase;
			buildActionMask = 2147483647;
			files = (
			);
			inputPaths = (
			);
			name = "[CP] Copy Pods Resources";
			outputPaths = (
			);
			runOnlyForDeploymentPostprocessing = 0;
			shellPath = /bin/sh;
			shellScript = "\"${SRCROOT}/Pods/Target Support Files/Pods-TellMe/Pods-TellMe-resources.sh\"\n";
			showEnvVarsInLog = 0;
		};
		52879A0F905B54133FC06E91 /* [CP] Copy Pods Resources */ = {
			isa = PBXShellScriptBuildPhase;
			buildActionMask = 2147483647;
			files = (
			);
			inputPaths = (
			);
			name = "[CP] Copy Pods Resources";
			outputPaths = (
			);
			runOnlyForDeploymentPostprocessing = 0;
			shellPath = /bin/sh;
			shellScript = "\"${SRCROOT}/Pods/Target Support Files/Pods-TellMeUITests/Pods-TellMeUITests-resources.sh\"\n";
			showEnvVarsInLog = 0;
		};
		AD1CDF3142656704C1667D47 /* [CP] Check Pods Manifest.lock */ = {
			isa = PBXShellScriptBuildPhase;
			buildActionMask = 2147483647;
			files = (
			);
			inputPaths = (
				"${PODS_PODFILE_DIR_PATH}/Podfile.lock",
				"${PODS_ROOT}/Manifest.lock",
			);
			name = "[CP] Check Pods Manifest.lock";
			outputPaths = (
				"$(DERIVED_FILE_DIR)/Pods-TellMe-checkManifestLockResult.txt",
			);
			runOnlyForDeploymentPostprocessing = 0;
			shellPath = /bin/sh;
			shellScript = "diff \"${PODS_PODFILE_DIR_PATH}/Podfile.lock\" \"${PODS_ROOT}/Manifest.lock\" > /dev/null\nif [ $? != 0 ] ; then\n    # print error to STDERR\n    echo \"error: The sandbox is not in sync with the Podfile.lock. Run 'pod install' or update your CocoaPods installation.\" >&2\n    exit 1\nfi\n# This output is used by Xcode 'outputs' to avoid re-running this script phase.\necho \"SUCCESS\" > \"${SCRIPT_OUTPUT_FILE_0}\"\n";
			showEnvVarsInLog = 0;
		};
		D2B45E71CFDF7E64B3DB7A13 /* [CP] Check Pods Manifest.lock */ = {
			isa = PBXShellScriptBuildPhase;
			buildActionMask = 2147483647;
			files = (
			);
			inputPaths = (
				"${PODS_PODFILE_DIR_PATH}/Podfile.lock",
				"${PODS_ROOT}/Manifest.lock",
			);
			name = "[CP] Check Pods Manifest.lock";
			outputPaths = (
				"$(DERIVED_FILE_DIR)/Pods-TellMeUITests-checkManifestLockResult.txt",
			);
			runOnlyForDeploymentPostprocessing = 0;
			shellPath = /bin/sh;
			shellScript = "diff \"${PODS_PODFILE_DIR_PATH}/Podfile.lock\" \"${PODS_ROOT}/Manifest.lock\" > /dev/null\nif [ $? != 0 ] ; then\n    # print error to STDERR\n    echo \"error: The sandbox is not in sync with the Podfile.lock. Run 'pod install' or update your CocoaPods installation.\" >&2\n    exit 1\nfi\n# This output is used by Xcode 'outputs' to avoid re-running this script phase.\necho \"SUCCESS\" > \"${SCRIPT_OUTPUT_FILE_0}\"\n";
			showEnvVarsInLog = 0;
		};
		EC49B8F1203B9EB400428779 /* ShellScript */ = {
			isa = PBXShellScriptBuildPhase;
			buildActionMask = 2147483647;
			files = (
			);
			inputPaths = (
				"$(SRCROOT)/Carthage/Build/iOS/MSAL.framework",
			);
			outputPaths = (
			);
			runOnlyForDeploymentPostprocessing = 0;
			shellPath = /bin/sh;
			shellScript = "/usr/local/bin/carthage copy-frameworks\n";
		};
		FF07E7A60F569BAA9C2E750F /* [CP] Embed Pods Frameworks */ = {
			isa = PBXShellScriptBuildPhase;
			buildActionMask = 2147483647;
			files = (
			);
			inputPaths = (
				"${SRCROOT}/Pods/Target Support Files/Pods-TellMe/Pods-TellMe-frameworks.sh",
				"${BUILT_PRODUCTS_DIR}/SideMenu/SideMenu.framework",
			);
			name = "[CP] Embed Pods Frameworks";
			outputPaths = (
				"${TARGET_BUILD_DIR}/${FRAMEWORKS_FOLDER_PATH}/SideMenu.framework",
			);
			runOnlyForDeploymentPostprocessing = 0;
			shellPath = /bin/sh;
			shellScript = "\"${SRCROOT}/Pods/Target Support Files/Pods-TellMe/Pods-TellMe-frameworks.sh\"\n";
			showEnvVarsInLog = 0;
		};
/* End PBXShellScriptBuildPhase section */

/* Begin PBXSourcesBuildPhase section */
		EC49B8C6203B994F00428779 /* Sources */ = {
			isa = PBXSourcesBuildPhase;
			buildActionMask = 2147483647;
			files = (
				F43A272C2050427E00C077FB /* MSALHandler.swift in Sources */,
				F40D711D205EED1B0043FE10 /* SideMenuController.swift in Sources */,
				F4976F4420653B0B00397EE4 /* APIFetcher.swift in Sources */,
				F4A619CD206534C900EAA347 /* CustomMessageCell.swift in Sources */,
				F4976F4620653BE300397EE4 /* Groups.swift in Sources */,
				EC49B8D0203B994F00428779 /* AnnouncementController.swift in Sources */,
				F4976F4820653C0300397EE4 /* Announcements.swift in Sources */,
				F4A619D3206538AF00EAA347 /* NetworkRequestExecuter.swift in Sources */,
				A1988B06205846A400099A23 /* NetworkingErrors.swift in Sources */,
				F4A619CF2065384700EAA347 /* NetworkRequestKeys.swift in Sources */,
				EC49B8CE203B994F00428779 /* AppDelegate.swift in Sources */,
				F40D7122205EF6170043FE10 /* SideMenuCell.swift in Sources */,
				F4A619D12065387F00EAA347 /* NetworkRequest.swift in Sources */,
				A172C1B7206184E800E35BE1 /* LaunchViewController.swift in Sources */,
			);
			runOnlyForDeploymentPostprocessing = 0;
		};
		EC49B8DA203B994F00428779 /* Sources */ = {
			isa = PBXSourcesBuildPhase;
			buildActionMask = 2147483647;
			files = (
				EC49B8E3203B994F00428779 /* TellMeUITests.swift in Sources */,
			);
			runOnlyForDeploymentPostprocessing = 0;
		};
/* End PBXSourcesBuildPhase section */

/* Begin PBXTargetDependency section */
		EC49B8E0203B994F00428779 /* PBXTargetDependency */ = {
			isa = PBXTargetDependency;
			target = EC49B8C9203B994F00428779 /* TellMe */;
			targetProxy = EC49B8DF203B994F00428779 /* PBXContainerItemProxy */;
		};
/* End PBXTargetDependency section */

/* Begin PBXVariantGroup section */
		EC49B8D1203B994F00428779 /* Main.storyboard */ = {
			isa = PBXVariantGroup;
			children = (
				EC49B8D2203B994F00428779 /* Base */,
			);
			name = Main.storyboard;
			sourceTree = "<group>";
		};
		EC49B8D6203B994F00428779 /* LaunchScreen.storyboard */ = {
			isa = PBXVariantGroup;
			children = (
				EC49B8D7203B994F00428779 /* Base */,
			);
			name = LaunchScreen.storyboard;
			sourceTree = "<group>";
		};
/* End PBXVariantGroup section */

/* Begin XCBuildConfiguration section */
		EC49B8E5203B994F00428779 /* Debug */ = {
			isa = XCBuildConfiguration;
			buildSettings = {
				ALWAYS_SEARCH_USER_PATHS = NO;
				CLANG_ANALYZER_NONNULL = YES;
				CLANG_ANALYZER_NUMBER_OBJECT_CONVERSION = YES_AGGRESSIVE;
				CLANG_CXX_LANGUAGE_STANDARD = "gnu++14";
				CLANG_CXX_LIBRARY = "libc++";
				CLANG_ENABLE_MODULES = YES;
				CLANG_ENABLE_OBJC_ARC = YES;
				CLANG_WARN_BLOCK_CAPTURE_AUTORELEASING = YES;
				CLANG_WARN_BOOL_CONVERSION = YES;
				CLANG_WARN_COMMA = YES;
				CLANG_WARN_CONSTANT_CONVERSION = YES;
				CLANG_WARN_DIRECT_OBJC_ISA_USAGE = YES_ERROR;
				CLANG_WARN_DOCUMENTATION_COMMENTS = YES;
				CLANG_WARN_EMPTY_BODY = YES;
				CLANG_WARN_ENUM_CONVERSION = YES;
				CLANG_WARN_INFINITE_RECURSION = YES;
				CLANG_WARN_INT_CONVERSION = YES;
				CLANG_WARN_NON_LITERAL_NULL_CONVERSION = YES;
				CLANG_WARN_OBJC_LITERAL_CONVERSION = YES;
				CLANG_WARN_OBJC_ROOT_CLASS = YES_ERROR;
				CLANG_WARN_RANGE_LOOP_ANALYSIS = YES;
				CLANG_WARN_STRICT_PROTOTYPES = YES;
				CLANG_WARN_SUSPICIOUS_MOVE = YES;
				CLANG_WARN_UNGUARDED_AVAILABILITY = YES_AGGRESSIVE;
				CLANG_WARN_UNREACHABLE_CODE = YES;
				CLANG_WARN__DUPLICATE_METHOD_MATCH = YES;
				CODE_SIGN_IDENTITY = "iPhone Developer";
				COPY_PHASE_STRIP = NO;
				DEBUG_INFORMATION_FORMAT = dwarf;
				ENABLE_STRICT_OBJC_MSGSEND = YES;
				ENABLE_TESTABILITY = YES;
				GCC_C_LANGUAGE_STANDARD = gnu11;
				GCC_DYNAMIC_NO_PIC = NO;
				GCC_NO_COMMON_BLOCKS = YES;
				GCC_OPTIMIZATION_LEVEL = 0;
				GCC_PREPROCESSOR_DEFINITIONS = (
					"DEBUG=1",
					"$(inherited)",
				);
				GCC_WARN_64_TO_32_BIT_CONVERSION = YES;
				GCC_WARN_ABOUT_RETURN_TYPE = YES_ERROR;
				GCC_WARN_UNDECLARED_SELECTOR = YES;
				GCC_WARN_UNINITIALIZED_AUTOS = YES_AGGRESSIVE;
				GCC_WARN_UNUSED_FUNCTION = YES;
				GCC_WARN_UNUSED_VARIABLE = YES;
				IPHONEOS_DEPLOYMENT_TARGET = 11.2;
				MTL_ENABLE_DEBUG_INFO = YES;
				ONLY_ACTIVE_ARCH = YES;
				SDKROOT = iphoneos;
				SWIFT_ACTIVE_COMPILATION_CONDITIONS = DEBUG;
				SWIFT_OPTIMIZATION_LEVEL = "-Onone";
			};
			name = Debug;
		};
		EC49B8E6203B994F00428779 /* Release */ = {
			isa = XCBuildConfiguration;
			buildSettings = {
				ALWAYS_SEARCH_USER_PATHS = NO;
				CLANG_ANALYZER_NONNULL = YES;
				CLANG_ANALYZER_NUMBER_OBJECT_CONVERSION = YES_AGGRESSIVE;
				CLANG_CXX_LANGUAGE_STANDARD = "gnu++14";
				CLANG_CXX_LIBRARY = "libc++";
				CLANG_ENABLE_MODULES = YES;
				CLANG_ENABLE_OBJC_ARC = YES;
				CLANG_WARN_BLOCK_CAPTURE_AUTORELEASING = YES;
				CLANG_WARN_BOOL_CONVERSION = YES;
				CLANG_WARN_COMMA = YES;
				CLANG_WARN_CONSTANT_CONVERSION = YES;
				CLANG_WARN_DIRECT_OBJC_ISA_USAGE = YES_ERROR;
				CLANG_WARN_DOCUMENTATION_COMMENTS = YES;
				CLANG_WARN_EMPTY_BODY = YES;
				CLANG_WARN_ENUM_CONVERSION = YES;
				CLANG_WARN_INFINITE_RECURSION = YES;
				CLANG_WARN_INT_CONVERSION = YES;
				CLANG_WARN_NON_LITERAL_NULL_CONVERSION = YES;
				CLANG_WARN_OBJC_LITERAL_CONVERSION = YES;
				CLANG_WARN_OBJC_ROOT_CLASS = YES_ERROR;
				CLANG_WARN_RANGE_LOOP_ANALYSIS = YES;
				CLANG_WARN_STRICT_PROTOTYPES = YES;
				CLANG_WARN_SUSPICIOUS_MOVE = YES;
				CLANG_WARN_UNGUARDED_AVAILABILITY = YES_AGGRESSIVE;
				CLANG_WARN_UNREACHABLE_CODE = YES;
				CLANG_WARN__DUPLICATE_METHOD_MATCH = YES;
				CODE_SIGN_IDENTITY = "iPhone Developer";
				COPY_PHASE_STRIP = NO;
				DEBUG_INFORMATION_FORMAT = "dwarf-with-dsym";
				ENABLE_NS_ASSERTIONS = NO;
				ENABLE_STRICT_OBJC_MSGSEND = YES;
				GCC_C_LANGUAGE_STANDARD = gnu11;
				GCC_NO_COMMON_BLOCKS = YES;
				GCC_WARN_64_TO_32_BIT_CONVERSION = YES;
				GCC_WARN_ABOUT_RETURN_TYPE = YES_ERROR;
				GCC_WARN_UNDECLARED_SELECTOR = YES;
				GCC_WARN_UNINITIALIZED_AUTOS = YES_AGGRESSIVE;
				GCC_WARN_UNUSED_FUNCTION = YES;
				GCC_WARN_UNUSED_VARIABLE = YES;
				IPHONEOS_DEPLOYMENT_TARGET = 11.2;
				MTL_ENABLE_DEBUG_INFO = NO;
				SDKROOT = iphoneos;
				SWIFT_OPTIMIZATION_LEVEL = "-Owholemodule";
				VALIDATE_PRODUCT = YES;
			};
			name = Release;
		};
		EC49B8E8203B994F00428779 /* Debug */ = {
			isa = XCBuildConfiguration;
			baseConfigurationReference = CB9559A5C1FC279561CDD549 /* Pods-TellMe.debug.xcconfig */;
			buildSettings = {
				ASSETCATALOG_COMPILER_APPICON_NAME = AppIcon;
				CODE_SIGN_STYLE = Automatic;
				DEVELOPMENT_TEAM = PRG23MVE5M;
				FRAMEWORK_SEARCH_PATHS = (
					"$(inherited)",
					"$(PROJECT_DIR)/Carthage/Build/iOS",
				);
				INFOPLIST_FILE = TellMe/Info.plist;
				IPHONEOS_DEPLOYMENT_TARGET = 9.0;
				LD_RUNPATH_SEARCH_PATHS = "$(inherited) @executable_path/Frameworks";
				PRODUCT_BUNDLE_IDENTIFIER = com.TellMe;
				PRODUCT_NAME = "$(TARGET_NAME)";
				SWIFT_VERSION = 4.0;
				TARGETED_DEVICE_FAMILY = 1;
			};
			name = Debug;
		};
		EC49B8E9203B994F00428779 /* Release */ = {
			isa = XCBuildConfiguration;
			baseConfigurationReference = 861CE69547A532BF6C9065C1 /* Pods-TellMe.release.xcconfig */;
			buildSettings = {
				ASSETCATALOG_COMPILER_APPICON_NAME = AppIcon;
				CODE_SIGN_STYLE = Automatic;
				DEVELOPMENT_TEAM = PRG23MVE5M;
				FRAMEWORK_SEARCH_PATHS = (
					"$(inherited)",
					"$(PROJECT_DIR)/Carthage/Build/iOS",
				);
				INFOPLIST_FILE = TellMe/Info.plist;
				IPHONEOS_DEPLOYMENT_TARGET = 9.0;
				LD_RUNPATH_SEARCH_PATHS = "$(inherited) @executable_path/Frameworks";
				PRODUCT_BUNDLE_IDENTIFIER = com.TellMe;
				PRODUCT_NAME = "$(TARGET_NAME)";
				SWIFT_VERSION = 4.0;
				TARGETED_DEVICE_FAMILY = 1;
			};
			name = Release;
		};
		EC49B8EB203B994F00428779 /* Debug */ = {
			isa = XCBuildConfiguration;
			baseConfigurationReference = E7A569FC1FE50C1D88F3AEEC /* Pods-TellMeUITests.debug.xcconfig */;
			buildSettings = {
				ALWAYS_EMBED_SWIFT_STANDARD_LIBRARIES = YES;
				CODE_SIGN_STYLE = Automatic;
				DEVELOPMENT_TEAM = PRG23MVE5M;
				INFOPLIST_FILE = TellMeUITests/Info.plist;
				LD_RUNPATH_SEARCH_PATHS = "$(inherited) @executable_path/Frameworks @loader_path/Frameworks";
				PRODUCT_BUNDLE_IDENTIFIER = k1630534.TellMeUITests;
				PRODUCT_NAME = "$(TARGET_NAME)";
				SWIFT_VERSION = 4.0;
				TARGETED_DEVICE_FAMILY = "1,2";
				TEST_TARGET_NAME = TellMe;
			};
			name = Debug;
		};
		EC49B8EC203B994F00428779 /* Release */ = {
			isa = XCBuildConfiguration;
			baseConfigurationReference = 57EA877F388E247E286A712A /* Pods-TellMeUITests.release.xcconfig */;
			buildSettings = {
				ALWAYS_EMBED_SWIFT_STANDARD_LIBRARIES = YES;
				CODE_SIGN_STYLE = Automatic;
				DEVELOPMENT_TEAM = PRG23MVE5M;
				INFOPLIST_FILE = TellMeUITests/Info.plist;
				LD_RUNPATH_SEARCH_PATHS = "$(inherited) @executable_path/Frameworks @loader_path/Frameworks";
				PRODUCT_BUNDLE_IDENTIFIER = k1630534.TellMeUITests;
				PRODUCT_NAME = "$(TARGET_NAME)";
				SWIFT_VERSION = 4.0;
				TARGETED_DEVICE_FAMILY = "1,2";
				TEST_TARGET_NAME = TellMe;
			};
			name = Release;
		};
/* End XCBuildConfiguration section */

/* Begin XCConfigurationList section */
		EC49B8C5203B994F00428779 /* Build configuration list for PBXProject "TellMe" */ = {
			isa = XCConfigurationList;
			buildConfigurations = (
				EC49B8E5203B994F00428779 /* Debug */,
				EC49B8E6203B994F00428779 /* Release */,
			);
			defaultConfigurationIsVisible = 0;
			defaultConfigurationName = Release;
		};
		EC49B8E7203B994F00428779 /* Build configuration list for PBXNativeTarget "TellMe" */ = {
			isa = XCConfigurationList;
			buildConfigurations = (
				EC49B8E8203B994F00428779 /* Debug */,
				EC49B8E9203B994F00428779 /* Release */,
			);
			defaultConfigurationIsVisible = 0;
			defaultConfigurationName = Release;
		};
		EC49B8EA203B994F00428779 /* Build configuration list for PBXNativeTarget "TellMeUITests" */ = {
			isa = XCConfigurationList;
			buildConfigurations = (
				EC49B8EB203B994F00428779 /* Debug */,
				EC49B8EC203B994F00428779 /* Release */,
			);
			defaultConfigurationIsVisible = 0;
			defaultConfigurationName = Release;
		};
/* End XCConfigurationList section */
	};
	rootObject = EC49B8C2203B994F00428779 /* Project object */;
}
